
Microsoft Visual Studio Solution File, Format Version 12.00
# Visual Studio 15
VisualStudioVersion = 15.0.27130.2026
MinimumVisualStudioVersion = 10.0.40219.1
Project("{FAE04EC0-301F-11D3-BF4B-00C04F79EFBC}") = "RotoZoom", "RotoZoom\RotoZoom.csproj", "{F2B31EB7-7B72-4DAB-8A89-6026125D469D}"
EndProject
Global
	GlobalSection(SolutionConfigurationPlatforms) = preSolution
		Debug|Any CPU = Debug|Any CPU
		Release|Any CPU = Release|Any CPU
	EndGlobalSection
	GlobalSection(ProjectConfigurationPlatforms) = postSolution
		{F2B31EB7-7B72-4DAB-8A89-6026125D469D}.Debug|Any CPU.ActiveCfg = Debug|Any CPU
		{F2B31EB7-7B72-4DAB-8A89-6026125D469D}.Debug|Any CPU.Build.0 = Debug|Any CPU
		{F2B31EB7-7B72-4DAB-8A89-6026125D469D}.Release|Any CPU.ActiveCfg = Release|Any CPU
		{F2B31EB7-7B72-4DAB-8A89-6026125D469D}.Release|Any CPU.Build.0 = Release|Any CPU
	EndGlobalSection
	GlobalSection(SolutionProperties) = preSolution
		HideSolutionNode = FALSE
	EndGlobalSection
	GlobalSection(ExtensibilityGlobals) = postSolution
		SolutionGuid = {0B86CB3C-998F-4A07-BBD3-80D2A75D3890}
	EndGlobalSection
EndGlobal
